
Microsoft Visual Studio Solution File, Format Version 12.00
# Visual Studio Version 16
VisualStudioVersion = 16.0.29806.167
MinimumVisualStudioVersion = 10.0.40219.1
Project("{FAE04EC0-301F-11D3-BF4B-00C04F79EFBC}") = "HackTheU_Escrow_Feature", "HackTheU_Escrow_Feature.csproj", "{30140CD1-CBFF-4E33-9123-D3687ECAF5BB}"
EndProject
Global
	GlobalSection(SolutionConfigurationPlatforms) = preSolution
		Debug|Any CPU = Debug|Any CPU
		Release|Any CPU = Release|Any CPU
	EndGlobalSection
	GlobalSection(ProjectConfigurationPlatforms) = postSolution
		{30140CD1-CBFF-4E33-9123-D3687ECAF5BB}.Debug|Any CPU.ActiveCfg = Debug|Any CPU
		{30140CD1-CBFF-4E33-9123-D3687ECAF5BB}.Debug|Any CPU.Build.0 = Debug|Any CPU
		{30140CD1-CBFF-4E33-9123-D3687ECAF5BB}.Release|Any CPU.ActiveCfg = Release|Any CPU
		{30140CD1-CBFF-4E33-9123-D3687ECAF5BB}.Release|Any CPU.Build.0 = Release|Any CPU
	EndGlobalSection
	GlobalSection(SolutionProperties) = preSolution
		HideSolutionNode = FALSE
	EndGlobalSection
	GlobalSection(ExtensibilityGlobals) = postSolution
		SolutionGuid = {74BD3BF5-EFEF-4EE8-B1D5-4A5462F83578}
	EndGlobalSection
EndGlobal
